{
  "lockfileVersion": 1,
  "configVersion": 1,
  "workspaces": {
    "": {
      "name": "claude-engine",
      "dependencies": {
        "@anthropic-ai/claude-code": "^2.1.117",
      },
    },
  },
  "packages": {
    "@anthropic-ai/claude-code": ["@anthropic-ai/claude-code@2.1.117", "", { "optionalDependencies": { "@anthropic-ai/claude-code-darwin-arm64": "2.1.117", "@anthropic-ai/claude-code-darwin-x64": "2.1.117", "@anthropic-ai/claude-code-linux-arm64": "2.1.117", "@anthropic-ai/claude-code-linux-arm64-musl": "2.1.117", "@anthropic-ai/claude-code-linux-x64": "2.1.117", "@anthropic-ai/claude-code-linux-x64-musl": "2.1.117", "@anthropic-ai/claude-code-win32-arm64": "2.1.117", "@anthropic-ai/claude-code-win32-x64": "2.1.117" }, "bin": { "claude": "bin/claude.exe" } }, "sha512-HnFzlXyYBxpIFg9eLoWiExXgdvjQJVIGnfGtJJZjOdYUqiI2yd0STro8XxdllWupEqMdxiES62Js6ZsYDjHMwg=="],

    "@anthropic-ai/claude-code-darwin-arm64": ["@anthropic-ai/claude-code-darwin-arm64@2.1.117", "", { "os": "darwin", "cpu": "arm64" }, "sha512-+dflv71gbB8aZ5SvQtaDWA0FhhTczGQCr9wUtx3Ij6Iux+Tp6BT4rfAbuZhEPKEFzFoO6kf/Oj4DCp1KuulCHQ=="],

    "@anthropic-ai/claude-code-darwin-x64": ["@anthropic-ai/claude-code-darwin-x64@2.1.117", "", { "os": "darwin", "cpu": "x64" }, "sha512-Z2RhIBbLR5WiXeM0ZCxr5Otcr7suDFWDO5Gi4cXvoNa8CLirZesoZPI0yvtIh3X7EH8R8dr8iZrNERguNbS4gA=="],

    "@anthropic-ai/claude-code-linux-arm64": ["@anthropic-ai/claude-code-linux-arm64@2.1.117", "", { "os": "linux", "cpu": "arm64" }, "sha512-ymELfVJeE35elgejSXzXLEHLbm3hebZc0fwcoBwhKrzWBbfwvm2ph1ZFPJ2PuSrsDZwU2RAyMLVJbQLqEJhGNw=="],

    "@anthropic-ai/claude-code-linux-arm64-musl": ["@anthropic-ai/claude-code-linux-arm64-musl@2.1.117", "", { "os": "linux", "cpu": "arm64" }, "sha512-xYQOMiEDLrvLzf792FyCQgOSC33NGtGHoYPZgIqXKxlO+XnYQImVb7qDZg6gDDp9NmbHd3P2ac7FRt70sShQUg=="],

    "@anthropic-ai/claude-code-linux-x64": ["@anthropic-ai/claude-code-linux-x64@2.1.117", "", { "os": "linux", "cpu": "x64" }, "sha512-bhN6qnc9xchKQqKWdwuZazEeSO+9NIhOPcoD/WgqTK5QRPSAwnvo5SZWIQUbkNbTKLaMwuxAu3u+Fj/jYbiidg=="],

    "@anthropic-ai/claude-code-linux-x64-musl": ["@anthropic-ai/claude-code-linux-x64-musl@2.1.117", "", { "os": "linux", "cpu": "x64" }, "sha512-5V/ON8ptv8rZakyH8MKFrhs00zkxiKrsgQrVPtGMWwkWm6NppmEDtkGJdl4iS7z8NpiNaRO3Ug061JcKMgO/pw=="],

    "@anthropic-ai/claude-code-win32-arm64": ["@anthropic-ai/claude-code-win32-arm64@2.1.117", "", { "os": "win32", "cpu": "arm64" }, "sha512-ILId3K1kpFZF0ZNa3nJzazFjCImZlaal7TXXkjtTpcM4fJ44BEp16W2Y2mh9g/wLFAER0tuGS5KpxuT5BXDPPQ=="],

    "@anthropic-ai/claude-code-win32-x64": ["@anthropic-ai/claude-code-win32-x64@2.1.117", "", { "os": "win32", "cpu": "x64" }, "sha512-773YIa1KQbwXSZ6HVvB4hst68bUyhDFRHIo0UDM0EkWd+UYcRjsazWtrFzFy4ZmxP0eyirqkryBCiYlxk0G9mg=="],
  }
}
